
Microsoft Visual Studio Solution File, Format Version 12.00
# Visual Studio Version 17
VisualStudioVersion = 17.4.33213.308
MinimumVisualStudioVersion = 10.0.40219.1
Project("{FAE04EC0-301F-11D3-BF4B-00C04F79EFBC}") = "Tema 6", "Tema 6.csproj", "{24A1149C-00EA-4589-BEA1-56BCE98F423E}"
EndProject
Global
	GlobalSection(SolutionConfigurationPlatforms) = preSolution
		Debug|Any CPU = Debug|Any CPU
		Release|Any CPU = Release|Any CPU
	EndGlobalSection
	GlobalSection(ProjectConfigurationPlatforms) = postSolution
		{24A1149C-00EA-4589-BEA1-56BCE98F423E}.Debug|Any CPU.ActiveCfg = Debug|Any CPU
		{24A1149C-00EA-4589-BEA1-56BCE98F423E}.Debug|Any CPU.Build.0 = Debug|Any CPU
		{24A1149C-00EA-4589-BEA1-56BCE98F423E}.Release|Any CPU.ActiveCfg = Release|Any CPU
		{24A1149C-00EA-4589-BEA1-56BCE98F423E}.Release|Any CPU.Build.0 = Release|Any CPU
	EndGlobalSection
	GlobalSection(SolutionProperties) = preSolution
		HideSolutionNode = FALSE
	EndGlobalSection
	GlobalSection(ExtensibilityGlobals) = postSolution
		SolutionGuid = {F0B5D37B-899E-4AFC-A092-9A03B44F1F1D}
	EndGlobalSection
EndGlobal
